
Microsoft Visual Studio Solution File, Format Version 12.00
Project("{2150E333-8FDC-42A3-9474-1A3956D46DE8}") = "src", "src", "{F0F9B7D9-05BE-4355-A207-7F22F776D641}"
EndProject
Project("{2150E333-8FDC-42A3-9474-1A3956D46DE8}") = "Services", "Services", "{4F84E737-491C-4D1D-BA64-9980A770A875}"
EndProject
Project("{2150E333-8FDC-42A3-9474-1A3956D46DE8}") = "ProductService", "ProductService", "{208250C4-3EF4-446F-9CEF-1A2FCF741D99}"
EndProject
Project("{FAE04EC0-301F-11D3-BF4B-00C04F79EFBC}") = "ProductService.Api", "src\Services\ProductService\ProductService.Api\ProductService.Api.csproj", "{1AA7615A-1C94-454C-8C39-08D3D60D7B66}"
EndProject
Project("{FAE04EC0-301F-11D3-BF4B-00C04F79EFBC}") = "ProductService.Application", "src\Services\ProductService\ProductService.Application\ProductService.Application.csproj", "{B0B6BA7D-1E4B-4937-9165-E22A4B94920D}"
EndProject
Project("{FAE04EC0-301F-11D3-BF4B-00C04F79EFBC}") = "ProductService.Domain", "src\Services\ProductService\ProductService.Domain\ProductService.Domain.csproj", "{D14AA130-3762-4C90-B087-E79AE28F43A5}"
EndProject
Project("{FAE04EC0-301F-11D3-BF4B-00C04F79EFBC}") = "ProductService.Infrastructure", "src\Services\ProductService\ProductService.Infrastructure\ProductService.Infrastructure.csproj", "{A9380B57-1C87-4CAF-BA6C-AB0B3E908295}"
EndProject
Project("{2150E333-8FDC-42A3-9474-1A3956D46DE8}") = "tests", "tests", "{36221F32-F827-4DFB-8217-31440D4D70D7}"
EndProject
Project("{2150E333-8FDC-42A3-9474-1A3956D46DE8}") = "Gateway", "Gateway", "{5444C1C0-0331-49C0-852D-CC8FBAA374EE}"
EndProject
Project("{FAE04EC0-301F-11D3-BF4B-00C04F79EFBC}") = "Gateway.Api", "src\Gateway\Gateway.Api\Gateway.Api.csproj", "{2E45B511-7475-4654-9AFA-B891B782AC84}"
EndProject
Global
	GlobalSection(SolutionConfigurationPlatforms) = preSolution
		Debug|Any CPU = Debug|Any CPU
		Release|Any CPU = Release|Any CPU
	EndGlobalSection
	GlobalSection(NestedProjects) = preSolution
		{4F84E737-491C-4D1D-BA64-9980A770A875} = {F0F9B7D9-05BE-4355-A207-7F22F776D641}
		{208250C4-3EF4-446F-9CEF-1A2FCF741D99} = {4F84E737-491C-4D1D-BA64-9980A770A875}
		{1AA7615A-1C94-454C-8C39-08D3D60D7B66} = {208250C4-3EF4-446F-9CEF-1A2FCF741D99}
		{B0B6BA7D-1E4B-4937-9165-E22A4B94920D} = {208250C4-3EF4-446F-9CEF-1A2FCF741D99}
		{D14AA130-3762-4C90-B087-E79AE28F43A5} = {208250C4-3EF4-446F-9CEF-1A2FCF741D99}
		{A9380B57-1C87-4CAF-BA6C-AB0B3E908295} = {208250C4-3EF4-446F-9CEF-1A2FCF741D99}
		{5444C1C0-0331-49C0-852D-CC8FBAA374EE} = {F0F9B7D9-05BE-4355-A207-7F22F776D641}
		{2E45B511-7475-4654-9AFA-B891B782AC84} = {5444C1C0-0331-49C0-852D-CC8FBAA374EE}
	EndGlobalSection
	GlobalSection(ProjectConfigurationPlatforms) = postSolution
		{1AA7615A-1C94-454C-8C39-08D3D60D7B66}.Debug|Any CPU.ActiveCfg = Debug|Any CPU
		{1AA7615A-1C94-454C-8C39-08D3D60D7B66}.Debug|Any CPU.Build.0 = Debug|Any CPU
		{1AA7615A-1C94-454C-8C39-08D3D60D7B66}.Release|Any CPU.ActiveCfg = Release|Any CPU
		{1AA7615A-1C94-454C-8C39-08D3D60D7B66}.Release|Any CPU.Build.0 = Release|Any CPU
		{B0B6BA7D-1E4B-4937-9165-E22A4B94920D}.Debug|Any CPU.ActiveCfg = Debug|Any CPU
		{B0B6BA7D-1E4B-4937-9165-E22A4B94920D}.Debug|Any CPU.Build.0 = Debug|Any CPU
		{B0B6BA7D-1E4B-4937-9165-E22A4B94920D}.Release|Any CPU.ActiveCfg = Release|Any CPU
		{B0B6BA7D-1E4B-4937-9165-E22A4B94920D}.Release|Any CPU.Build.0 = Release|Any CPU
		{D14AA130-3762-4C90-B087-E79AE28F43A5}.Debug|Any CPU.ActiveCfg = Debug|Any CPU
		{D14AA130-3762-4C90-B087-E79AE28F43A5}.Debug|Any CPU.Build.0 = Debug|Any CPU
		{D14AA130-3762-4C90-B087-E79AE28F43A5}.Release|Any CPU.ActiveCfg = Release|Any CPU
		{D14AA130-3762-4C90-B087-E79AE28F43A5}.Release|Any CPU.Build.0 = Release|Any CPU
		{A9380B57-1C87-4CAF-BA6C-AB0B3E908295}.Debug|Any CPU.ActiveCfg = Debug|Any CPU
		{A9380B57-1C87-4CAF-BA6C-AB0B3E908295}.Debug|Any CPU.Build.0 = Debug|Any CPU
		{A9380B57-1C87-4CAF-BA6C-AB0B3E908295}.Release|Any CPU.ActiveCfg = Release|Any CPU
		{A9380B57-1C87-4CAF-BA6C-AB0B3E908295}.Release|Any CPU.Build.0 = Release|Any CPU
		{2E45B511-7475-4654-9AFA-B891B782AC84}.Debug|Any CPU.ActiveCfg = Debug|Any CPU
		{2E45B511-7475-4654-9AFA-B891B782AC84}.Debug|Any CPU.Build.0 = Debug|Any CPU
		{2E45B511-7475-4654-9AFA-B891B782AC84}.Release|Any CPU.ActiveCfg = Release|Any CPU
		{2E45B511-7475-4654-9AFA-B891B782AC84}.Release|Any CPU.Build.0 = Release|Any CPU
	EndGlobalSection
EndGlobal
